
Microsoft Visual Studio Solution File, Format Version 12.00
# Visual Studio Version 17
VisualStudioVersion = 17.9.34607.119
MinimumVisualStudioVersion = 10.0.40219.1
Project("{9A19103F-16F7-4668-BE54-9A1E7A4F7556}") = "SharpMediaTranscoder", "SharpMediaTranscoder\SharpMediaTranscoder.csproj", "{D302D7E5-EEAD-49F6-B379-7072C978BB8C}"
EndProject
Project("{2150E333-8FDC-42A3-9474-1A3956D46DE8}") = "Samples", "Samples", "{3B9EE83C-519B-429D-B04F-0757A81CC39B}"
EndProject
Project("{9A19103F-16F7-4668-BE54-9A1E7A4F7556}") = "SharpWebcamRecorder", "SharpWebcamRecorder\SharpWebcamRecorder.csproj", "{07DF4D63-6793-4F9C-BF59-306E74FB6B89}"
EndProject
Project("{9A19103F-16F7-4668-BE54-9A1E7A4F7556}") = "SharpWavePlayer", "SharpWavePlayer\SharpWavePlayer.csproj", "{F082DD55-A449-4112-931F-2B1B04E6DD9D}"
EndProject
Project("{9A19103F-16F7-4668-BE54-9A1E7A4F7556}") = "SharpScreenCapture", "SharpScreenCapture\SharpScreenCapture.csproj", "{DE9DCB35-6268-4ED5-ADFC-647AD50F4552}"
EndProject
Project("{9A19103F-16F7-4668-BE54-9A1E7A4F7556}") = "SharpMediaPlayer", "SharpMediaPlayer\SharpMediaPlayer.csproj", "{23E94168-1F83-434E-9889-DEC40F13DF16}"
EndProject
Project("{2150E333-8FDC-42A3-9474-1A3956D46DE8}") = "Solution Items", "Solution Items", "{A8859416-D0DF-48D9-9531-CA7D61F67F5A}"
	ProjectSection(SolutionItems) = preProject
		Directory.Build.props = Directory.Build.props
	EndProjectSection
EndProject
Project("{FAE04EC0-301F-11D3-BF4B-00C04F79EFBC}") = "SharpMediaFoundationInterop", "SharpMediaFoundationInterop\SharpMediaFoundationInterop.csproj", "{18D02311-D43A-46ED-A772-143E5E05463E}"
EndProject
Project("{FAE04EC0-301F-11D3-BF4B-00C04F79EFBC}") = "SharpMediaFoundationInterop.WPF", "SharpMediaFoundationInterop.WPF\SharpMediaFoundationInterop.WPF.csproj", "{9D53C94C-179C-4581-906A-C0A4E7B5FB90}"
EndProject
Project("{FAE04EC0-301F-11D3-BF4B-00C04F79EFBC}") = "SharpMP4", "..\..\SharpMP4BoxGenerator\src\SharpMP4\SharpMP4.csproj", "{BA94815A-1C87-F271-A2E5-05458F7A07BC}"
EndProject
Global
	GlobalSection(SolutionConfigurationPlatforms) = preSolution
		Debug|Any CPU = Debug|Any CPU
		Release|Any CPU = Release|Any CPU
	EndGlobalSection
	GlobalSection(ProjectConfigurationPlatforms) = postSolution
		{D302D7E5-EEAD-49F6-B379-7072C978BB8C}.Debug|Any CPU.ActiveCfg = Debug|Any CPU
		{D302D7E5-EEAD-49F6-B379-7072C978BB8C}.Debug|Any CPU.Build.0 = Debug|Any CPU
		{D302D7E5-EEAD-49F6-B379-7072C978BB8C}.Release|Any CPU.ActiveCfg = Release|Any CPU
		{D302D7E5-EEAD-49F6-B379-7072C978BB8C}.Release|Any CPU.Build.0 = Release|Any CPU
		{07DF4D63-6793-4F9C-BF59-306E74FB6B89}.Debug|Any CPU.ActiveCfg = Debug|Any CPU
		{07DF4D63-6793-4F9C-BF59-306E74FB6B89}.Debug|Any CPU.Build.0 = Debug|Any CPU
		{07DF4D63-6793-4F9C-BF59-306E74FB6B89}.Release|Any CPU.ActiveCfg = Release|Any CPU
		{07DF4D63-6793-4F9C-BF59-306E74FB6B89}.Release|Any CPU.Build.0 = Release|Any CPU
		{F082DD55-A449-4112-931F-2B1B04E6DD9D}.Debug|Any CPU.ActiveCfg = Debug|Any CPU
		{F082DD55-A449-4112-931F-2B1B04E6DD9D}.Debug|Any CPU.Build.0 = Debug|Any CPU
		{F082DD55-A449-4112-931F-2B1B04E6DD9D}.Release|Any CPU.ActiveCfg = Release|Any CPU
		{F082DD55-A449-4112-931F-2B1B04E6DD9D}.Release|Any CPU.Build.0 = Release|Any CPU
		{DE9DCB35-6268-4ED5-ADFC-647AD50F4552}.Debug|Any CPU.ActiveCfg = Debug|Any CPU
		{DE9DCB35-6268-4ED5-ADFC-647AD50F4552}.Debug|Any CPU.Build.0 = Debug|Any CPU
		{DE9DCB35-6268-4ED5-ADFC-647AD50F4552}.Release|Any CPU.ActiveCfg = Release|Any CPU
		{DE9DCB35-6268-4ED5-ADFC-647AD50F4552}.Release|Any CPU.Build.0 = Release|Any CPU
		{23E94168-1F83-434E-9889-DEC40F13DF16}.Debug|Any CPU.ActiveCfg = Debug|Any CPU
		{23E94168-1F83-434E-9889-DEC40F13DF16}.Debug|Any CPU.Build.0 = Debug|Any CPU
		{23E94168-1F83-434E-9889-DEC40F13DF16}.Release|Any CPU.ActiveCfg = Release|Any CPU
		{23E94168-1F83-434E-9889-DEC40F13DF16}.Release|Any CPU.Build.0 = Release|Any CPU
		{18D02311-D43A-46ED-A772-143E5E05463E}.Debug|Any CPU.ActiveCfg = Debug|Any CPU
		{18D02311-D43A-46ED-A772-143E5E05463E}.Debug|Any CPU.Build.0 = Debug|Any CPU
		{18D02311-D43A-46ED-A772-143E5E05463E}.Release|Any CPU.ActiveCfg = Release|Any CPU
		{18D02311-D43A-46ED-A772-143E5E05463E}.Release|Any CPU.Build.0 = Release|Any CPU
		{9D53C94C-179C-4581-906A-C0A4E7B5FB90}.Debug|Any CPU.ActiveCfg = Debug|Any CPU
		{9D53C94C-179C-4581-906A-C0A4E7B5FB90}.Debug|Any CPU.Build.0 = Debug|Any CPU
		{9D53C94C-179C-4581-906A-C0A4E7B5FB90}.Release|Any CPU.ActiveCfg = Release|Any CPU
		{9D53C94C-179C-4581-906A-C0A4E7B5FB90}.Release|Any CPU.Build.0 = Release|Any CPU
		{BA94815A-1C87-F271-A2E5-05458F7A07BC}.Debug|Any CPU.ActiveCfg = Debug|Any CPU
		{BA94815A-1C87-F271-A2E5-05458F7A07BC}.Debug|Any CPU.Build.0 = Debug|Any CPU
		{BA94815A-1C87-F271-A2E5-05458F7A07BC}.Release|Any CPU.ActiveCfg = Release|Any CPU
		{BA94815A-1C87-F271-A2E5-05458F7A07BC}.Release|Any CPU.Build.0 = Release|Any CPU
	EndGlobalSection
	GlobalSection(SolutionProperties) = preSolution
		HideSolutionNode = FALSE
	EndGlobalSection
	GlobalSection(NestedProjects) = preSolution
		{D302D7E5-EEAD-49F6-B379-7072C978BB8C} = {3B9EE83C-519B-429D-B04F-0757A81CC39B}
		{07DF4D63-6793-4F9C-BF59-306E74FB6B89} = {3B9EE83C-519B-429D-B04F-0757A81CC39B}
		{F082DD55-A449-4112-931F-2B1B04E6DD9D} = {3B9EE83C-519B-429D-B04F-0757A81CC39B}
		{DE9DCB35-6268-4ED5-ADFC-647AD50F4552} = {3B9EE83C-519B-429D-B04F-0757A81CC39B}
		{23E94168-1F83-434E-9889-DEC40F13DF16} = {3B9EE83C-519B-429D-B04F-0757A81CC39B}
	EndGlobalSection
	GlobalSection(ExtensibilityGlobals) = postSolution
		SolutionGuid = {80EBDC0C-4BBE-4DBD-9E16-5B912CD928FA}
	EndGlobalSection
EndGlobal
